{
  "name": "uclm-ilsa",
  "version": "1.0.0",
  "lockfileVersion": 1,
  "requires": true,
  "dependencies": {
    "@uirouter/core": {
      "version": "5.0.21",
      "resolved": "https://registry.npmjs.org/@uirouter/core/-/core-5.0.21.tgz",
      "integrity": "sha512-QWHc0wT00qtYNkT0BXZaFNLLHZyux0qJjF8c2WklW5/Q0Z866NoJjJErEMWjQb/AR+olkR2NlfEEi8KTQU2OpA=="
    },
    "angular": {
      "version": "1.7.3",
      "resolved": "https://registry.npmjs.org/angular/-/angular-1.7.3.tgz",
      "integrity": "sha512-hQRhU56shs72y88cS0Uy9g+UAMHoztJ3V+r+iF8o1AK/Bpu8ewmjFDk9j2LjSuN05a9mhxW1rOHnYKOwyTS/Zg=="
    },
    "angular-ui-router": {
      "version": "1.0.20",
      "resolved": "https://registry.npmjs.org/angular-ui-router/-/angular-ui-router-1.0.20.tgz",
      "integrity": "sha512-D9Y+qOq6StinrlyeiHp7wbOBL5UbwaHW1dgpfQZ6fWuQ5Q5UOrJfe3S28XWDt8ybOKaUh2ds/IFXib5vCu8Opg==",
      "requires": {
        "@uirouter/core": "5.0.21"
      }
    },
    "bootstrap": {
      "version": "3.3.7",
      "resolved": "https://registry.npmjs.org/bootstrap/-/bootstrap-3.3.7.tgz",
      "integrity": "sha1-WjiTlFSfIzMIdaOxUGVldPip63E="
    },
    "bootstrap-float-label": {
      "version": "3.0.1",
      "resolved": "https://registry.npmjs.org/bootstrap-float-label/-/bootstrap-float-label-3.0.1.tgz",
      "integrity": "sha1-q6AGcV75s7acnYcIHvdoSNO8ucQ=",
      "requires": {
        "float-label-css": "1.0.2"
      }
    },
    "bootstrap-timepicker": {
      "version": "0.5.2",
      "resolved": "https://registry.npmjs.org/bootstrap-timepicker/-/bootstrap-timepicker-0.5.2.tgz",
      "integrity": "sha1-EO2fKi8LjMrvzeD89qBzi5GaODU="
    },
    "float-label-css": {
      "version": "1.0.2",
      "resolved": "https://registry.npmjs.org/float-label-css/-/float-label-css-1.0.2.tgz",
      "integrity": "sha1-JFcW5Qapx3VeAEEXOA8dq1vx0R4="
    },
    "font-awesome": {
      "version": "4.7.0",
      "resolved": "https://registry.npmjs.org/font-awesome/-/font-awesome-4.7.0.tgz",
      "integrity": "sha1-j6jPBBGhoxr9B7BtKQK7n8gVoTM="
    },
    "jquery": {
      "version": "3.3.1",
      "resolved": "https://registry.npmjs.org/jquery/-/jquery-3.3.1.tgz",
      "integrity": "sha512-Ubldcmxp5np52/ENotGxlLe6aGMvmF4R8S6tZjsP6Knsaxd/xp3Zrh50cG93lR6nPXyUFwzN3ZSOQI0wRJNdGg=="
    },
    "jquery-timepicker": {
      "version": "1.3.3",
      "resolved": "https://registry.npmjs.org/jquery-timepicker/-/jquery-timepicker-1.3.3.tgz",
      "integrity": "sha1-A0FgyQpSYZ32iWPtp2JdH8qJy3o=",
      "requires": {
        "jquery": ">= 1.4.3"
      }
    },
    "webcam": {
      "version": "3.1.1",
      "resolved": "https://registry.npmjs.org/webcam/-/webcam-3.1.1.tgz",
      "integrity": "sha1-gEuJW9eZ0IXUBaCWdk/AqG0j1eQ="
    },
    "webcamjs": {
      "version": "1.0.25",
      "resolved": "https://registry.npmjs.org/webcamjs/-/webcamjs-1.0.25.tgz",
      "integrity": "sha512-U3FhvBoTguMM2dktZO6NsFfLQX/FbDYZvX5x/FxSE0OAVbvfPyKWoU40kgOzMDJ3AAKqkGcjtXo0ULOH/pgHJw=="
    }
  }
}
