{
  "name": "meow-app2",
  "version": "1.0.0",
  "lockfileVersion": 1,
  "requires": true,
  "dependencies": {
    "@uirouter/core": {
      "version": "5.0.21",
      "resolved": "https://registry.npmjs.org/@uirouter/core/-/core-5.0.21.tgz",
      "integrity": "sha512-QWHc0wT00qtYNkT0BXZaFNLLHZyux0qJjF8c2WklW5/Q0Z866NoJjJErEMWjQb/AR+olkR2NlfEEi8KTQU2OpA=="
    },
    "angular": {
      "version": "1.7.4",
      "resolved": "https://registry.npmjs.org/angular/-/angular-1.7.4.tgz",
      "integrity": "sha512-nYTWc9CpZjTY57l8EA1+DGpQNzI6HewQ34bfRYoGXBYysIoPYjfcgTGWC+Vl3AaeCnhAb3VTkysVESvCBpUIoA=="
    },
    "angular-masonry": {
      "version": "0.17.0",
      "resolved": "https://registry.npmjs.org/angular-masonry/-/angular-masonry-0.17.0.tgz",
      "integrity": "sha1-23Zg8sGke6ypSpvEgA+z4ur2k20=",
      "requires": {
        "angular": "^1.6.0",
        "imagesloaded": "^4.1.0",
        "jquery-bridget": "^2.0.0",
        "masonry-layout": "^4.0.0"
      }
    },
    "angular-ui-router": {
      "version": "1.0.20",
      "resolved": "https://registry.npmjs.org/angular-ui-router/-/angular-ui-router-1.0.20.tgz",
      "integrity": "sha512-D9Y+qOq6StinrlyeiHp7wbOBL5UbwaHW1dgpfQZ6fWuQ5Q5UOrJfe3S28XWDt8ybOKaUh2ds/IFXib5vCu8Opg==",
      "requires": {
        "@uirouter/core": "5.0.21"
      }
    },
    "bootstrap": {
      "version": "3.3.7",
      "resolved": "http://registry.npmjs.org/bootstrap/-/bootstrap-3.3.7.tgz",
      "integrity": "sha1-WjiTlFSfIzMIdaOxUGVldPip63E="
    },
    "desandro-matches-selector": {
      "version": "2.0.2",
      "resolved": "https://registry.npmjs.org/desandro-matches-selector/-/desandro-matches-selector-2.0.2.tgz",
      "integrity": "sha1-cXvu1NwT59jzdi9wem1YpndCGOE="
    },
    "ev-emitter": {
      "version": "1.1.1",
      "resolved": "https://registry.npmjs.org/ev-emitter/-/ev-emitter-1.1.1.tgz",
      "integrity": "sha512-ipiDYhdQSCZ4hSbX4rMW+XzNKMD1prg/sTvoVmSLkuQ1MVlwjJQQA+sW8tMYR3BLUr9KjodFV4pvzunvRhd33Q=="
    },
    "fizzy-ui-utils": {
      "version": "2.0.7",
      "resolved": "https://registry.npmjs.org/fizzy-ui-utils/-/fizzy-ui-utils-2.0.7.tgz",
      "integrity": "sha512-CZXDVXQ1If3/r8s0T+v+qVeMshhfcuq0rqIFgJnrtd+Bu8GmDmqMjntjUePypVtjHXKJ6V4sw9zeyox34n9aCg==",
      "requires": {
        "desandro-matches-selector": "^2.0.0"
      }
    },
    "get-size": {
      "version": "2.0.3",
      "resolved": "https://registry.npmjs.org/get-size/-/get-size-2.0.3.tgz",
      "integrity": "sha512-lXNzT/h/dTjTxRbm9BXb+SGxxzkm97h/PCIKtlN/CBCxxmkkIVV21udumMS93MuVTDX583gqc94v3RjuHmI+2Q=="
    },
    "imagesloaded": {
      "version": "4.1.4",
      "resolved": "https://registry.npmjs.org/imagesloaded/-/imagesloaded-4.1.4.tgz",
      "integrity": "sha512-ltiBVcYpc/TYTF5nolkMNsnREHW+ICvfQ3Yla2Sgr71YFwQ86bDwV9hgpFhFtrGPuwEx5+LqOHIrdXBdoWwwsA==",
      "requires": {
        "ev-emitter": "^1.0.0"
      }
    },
    "jquery": {
      "version": "3.3.1",
      "resolved": "https://registry.npmjs.org/jquery/-/jquery-3.3.1.tgz",
      "integrity": "sha512-Ubldcmxp5np52/ENotGxlLe6aGMvmF4R8S6tZjsP6Knsaxd/xp3Zrh50cG93lR6nPXyUFwzN3ZSOQI0wRJNdGg=="
    },
    "jquery-bridget": {
      "version": "2.0.1",
      "resolved": "https://registry.npmjs.org/jquery-bridget/-/jquery-bridget-2.0.1.tgz",
      "integrity": "sha1-eE0XqF5kF4DF2JrD+KfrR7C84fw=",
      "requires": {
        "jquery": ">=1.4.2 <4"
      }
    },
    "masonry-layout": {
      "version": "4.2.2",
      "resolved": "https://registry.npmjs.org/masonry-layout/-/masonry-layout-4.2.2.tgz",
      "integrity": "sha512-iGtAlrpHNyxaR19CvKC3npnEcAwszXoyJiI8ARV2ePi7fmYhIud25MHK8Zx4P0LCC4d3TNO9+rFa1KoK1OEOaA==",
      "requires": {
        "get-size": "^2.0.2",
        "outlayer": "^2.1.0"
      }
    },
    "ng-file-upload": {
      "version": "12.2.13",
      "resolved": "https://registry.npmjs.org/ng-file-upload/-/ng-file-upload-12.2.13.tgz",
      "integrity": "sha1-AYAPOHLlJvlTEPhHfpnk8S0NjRQ="
    },
    "outlayer": {
      "version": "2.1.1",
      "resolved": "https://registry.npmjs.org/outlayer/-/outlayer-2.1.1.tgz",
      "integrity": "sha1-KYY7beEOpdrf/8rfoNcokHOH6aI=",
      "requires": {
        "ev-emitter": "^1.0.0",
        "fizzy-ui-utils": "^2.0.0",
        "get-size": "^2.0.2"
      }
    }
  }
}
